// !$*UTF8*$!
{
	archiveVersion = 1;
	classes = {
	};
	objectVersion = 51;
	objects = {

/* Begin PBXBuildFile section */
		3A20DB2826210D3900B6FCB2 /* AppDelegate.swift in Sources */ = {isa = PBXBuildFile; fileRef = 3A20DB2726210D3900B6FCB2 /* AppDelegate.swift */; };
		3A20DB2A26210D3900B6FCB2 /* SceneDelegate.swift in Sources */ = {isa = PBXBuildFile; fileRef = 3A20DB2926210D3900B6FCB2 /* SceneDelegate.swift */; };
		3A20DB2F26210D3900B6FCB2 /* Main.storyboard in Resources */ = {isa = PBXBuildFile; fileRef = 3A20DB2D26210D3900B6FCB2 /* Main.storyboard */; };
		3A20DB3126210D3A00B6FCB2 /* Assets.xcassets in Resources */ = {isa = PBXBuildFile; fileRef = 3A20DB3026210D3A00B6FCB2 /* Assets.xcassets */; };
		3A20DB3426210D3A00B6FCB2 /* LaunchScreen.storyboard in Resources */ = {isa = PBXBuildFile; fileRef = 3A20DB3226210D3A00B6FCB2 /* LaunchScreen.storyboard */; };
		3A20DB3F26210D3A00B6FCB2 /* flixappTests.swift in Sources */ = {isa = PBXBuildFile; fileRef = 3A20DB3E26210D3A00B6FCB2 /* flixappTests.swift */; };
		3A20DB4A26210D3B00B6FCB2 /* flixappUITests.swift in Sources */ = {isa = PBXBuildFile; fileRef = 3A20DB4926210D3B00B6FCB2 /* flixappUITests.swift */; };
		3A20DB5E26210EE300B6FCB2 /* MoviesViewController.swift in Sources */ = {isa = PBXBuildFile; fileRef = 3A20DB5D26210EE300B6FCB2 /* MoviesViewController.swift */; };
		3A20DB7E26212BF700B6FCB2 /* MovieCell.swift in Sources */ = {isa = PBXBuildFile; fileRef = 3A20DB7D26212BF700B6FCB2 /* MovieCell.swift */; };
		3ACC557B262A84E600F06B6C /* MovieGridDetailsViewController.swift in Sources */ = {isa = PBXBuildFile; fileRef = 3ACC557A262A84E600F06B6C /* MovieGridDetailsViewController.swift */; };
		3ACC5580262A910200F06B6C /* trailerViewController.swift in Sources */ = {isa = PBXBuildFile; fileRef = 3ACC557F262A910200F06B6C /* trailerViewController.swift */; };
		3AE1A994262404EB002FF788 /* MovieDetailsViewController.swift in Sources */ = {isa = PBXBuildFile; fileRef = 3AE1A993262404EB002FF788 /* MovieDetailsViewController.swift */; };
		3AE1A9992624C303002FF788 /* MovieGridViewController.swift in Sources */ = {isa = PBXBuildFile; fileRef = 3AE1A9982624C303002FF788 /* MovieGridViewController.swift */; };
		3AE1A99E2624C90C002FF788 /* MovieGridCell.swift in Sources */ = {isa = PBXBuildFile; fileRef = 3AE1A99D2624C90C002FF788 /* MovieGridCell.swift */; };
		41B9B7335D9B9EAAB034D8FC /* Pods_flixappTests.framework in Frameworks */ = {isa = PBXBuildFile; fileRef = F00AA951EA5CCC70BEEAAC0D /* Pods_flixappTests.framework */; };
		46E7F9421A55EEE8C0351A2D /* Pods_flixapp.framework in Frameworks */ = {isa = PBXBuildFile; fileRef = FEDE746C75780E0812A5109F /* Pods_flixapp.framework */; };
		E61F3EB15587AEAAEF97EFDE /* Pods_flixapp_flixappUITests.framework in Frameworks */ = {isa = PBXBuildFile; fileRef = 38948BEFF066EC64CE6957AB /* Pods_flixapp_flixappUITests.framework */; };
/* End PBXBuildFile section */

/* Begin PBXContainerItemProxy section */
		3A20DB3B26210D3A00B6FCB2 /* PBXContainerItemProxy */ = {
			isa = PBXContainerItemProxy;
			containerPortal = 3A20DB1C26210D3900B6FCB2 /* Project object */;
			proxyType = 1;
			remoteGlobalIDString = 3A20DB2326210D3900B6FCB2;
			remoteInfo = flixapp;
		};
		3A20DB4626210D3B00B6FCB2 /* PBXContainerItemProxy */ = {
			isa = PBXContainerItemProxy;
			containerPortal = 3A20DB1C26210D3900B6FCB2 /* Project object */;
			proxyType = 1;
			remoteGlobalIDString = 3A20DB2326210D3900B6FCB2;
			remoteInfo = flixapp;
		};
/* End PBXContainerItemProxy section */

/* Begin PBXFileReference section */
		24AC573AED5FDE5285830FAE /* Pods-flixappTests.release.xcconfig */ = {isa = PBXFileReference; includeInIndex = 1; lastKnownFileType = text.xcconfig; name = "Pods-flixappTests.release.xcconfig"; path = "Target Support Files/Pods-flixappTests/Pods-flixappTests.release.xcconfig"; sourceTree = "<group>"; };
		38948BEFF066EC64CE6957AB /* Pods_flixapp_flixappUITests.framework */ = {isa = PBXFileReference; explicitFileType = wrapper.framework; includeInIndex = 0; path = Pods_flixapp_flixappUITests.framework; sourceTree = BUILT_PRODUCTS_DIR; };
		3A20DB2426210D3900B6FCB2 /* flixapp.app */ = {isa = PBXFileReference; explicitFileType = wrapper.application; includeInIndex = 0; path = flixapp.app; sourceTree = BUILT_PRODUCTS_DIR; };
		3A20DB2726210D3900B6FCB2 /* AppDelegate.swift */ = {isa = PBXFileReference; lastKnownFileType = sourcecode.swift; path = AppDelegate.swift; sourceTree = "<group>"; };
		3A20DB2926210D3900B6FCB2 /* SceneDelegate.swift */ = {isa = PBXFileReference; lastKnownFileType = sourcecode.swift; path = SceneDelegate.swift; sourceTree = "<group>"; };
		3A20DB2E26210D3900B6FCB2 /* Base */ = {isa = PBXFileReference; lastKnownFileType = file.storyboard; name = Base; path = Base.lproj/Main.storyboard; sourceTree = "<group>"; };
		3A20DB3026210D3A00B6FCB2 /* Assets.xcassets */ = {isa = PBXFileReference; lastKnownFileType = folder.assetcatalog; path = Assets.xcassets; sourceTree = "<group>"; };
		3A20DB3326210D3A00B6FCB2 /* Base */ = {isa = PBXFileReference; lastKnownFileType = file.storyboard; name = Base; path = Base.lproj/LaunchScreen.storyboard; sourceTree = "<group>"; };
		3A20DB3526210D3A00B6FCB2 /* Info.plist */ = {isa = PBXFileReference; lastKnownFileType = text.plist.xml; path = Info.plist; sourceTree = "<group>"; };
		3A20DB3A26210D3A00B6FCB2 /* flixappTests.xctest */ = {isa = PBXFileReference; explicitFileType = wrapper.cfbundle; includeInIndex = 0; path = flixappTests.xctest; sourceTree = BUILT_PRODUCTS_DIR; };
		3A20DB3E26210D3A00B6FCB2 /* flixappTests.swift */ = {isa = PBXFileReference; lastKnownFileType = sourcecode.swift; path = flixappTests.swift; sourceTree = "<group>"; };
		3A20DB4026210D3A00B6FCB2 /* Info.plist */ = {isa = PBXFileReference; lastKnownFileType = text.plist.xml; path = Info.plist; sourceTree = "<group>"; };
		3A20DB4526210D3A00B6FCB2 /* flixappUITests.xctest */ = {isa = PBXFileReference; explicitFileType = wrapper.cfbundle; includeInIndex = 0; path = flixappUITests.xctest; sourceTree = BUILT_PRODUCTS_DIR; };
		3A20DB4926210D3B00B6FCB2 /* flixappUITests.swift */ = {isa = PBXFileReference; lastKnownFileType = sourcecode.swift; path = flixappUITests.swift; sourceTree = "<group>"; };
		3A20DB4B26210D3B00B6FCB2 /* Info.plist */ = {isa = PBXFileReference; lastKnownFileType = text.plist.xml; path = Info.plist; sourceTree = "<group>"; };
		3A20DB5D26210EE300B6FCB2 /* MoviesViewController.swift */ = {isa = PBXFileReference; lastKnownFileType = sourcecode.swift; path = MoviesViewController.swift; sourceTree = "<group>"; };
		3A20DB7D26212BF700B6FCB2 /* MovieCell.swift */ = {isa = PBXFileReference; lastKnownFileType = sourcecode.swift; path = MovieCell.swift; sourceTree = "<group>"; };
		3ACC557A262A84E600F06B6C /* MovieGridDetailsViewController.swift */ = {isa = PBXFileReference; lastKnownFileType = sourcecode.swift; path = MovieGridDetailsViewController.swift; sourceTree = "<group>"; };
		3ACC557F262A910200F06B6C /* trailerViewController.swift */ = {isa = PBXFileReference; lastKnownFileType = sourcecode.swift; path = trailerViewController.swift; sourceTree = "<group>"; };
		3AE1A993262404EB002FF788 /* MovieDetailsViewController.swift */ = {isa = PBXFileReference; lastKnownFileType = sourcecode.swift; path = MovieDetailsViewController.swift; sourceTree = "<group>"; };
		3AE1A9982624C303002FF788 /* MovieGridViewController.swift */ = {isa = PBXFileReference; lastKnownFileType = sourcecode.swift; path = MovieGridViewController.swift; sourceTree = "<group>"; };
		3AE1A99D2624C90C002FF788 /* MovieGridCell.swift */ = {isa = PBXFileReference; lastKnownFileType = sourcecode.swift; path = MovieGridCell.swift; sourceTree = "<group>"; };
		6E69FB959A94EFBA55467B08 /* Pods-flixapp.debug.xcconfig */ = {isa = PBXFileReference; includeInIndex = 1; lastKnownFileType = text.xcconfig; name = "Pods-flixapp.debug.xcconfig"; path = "Target Support Files/Pods-flixapp/Pods-flixapp.debug.xcconfig"; sourceTree = "<group>"; };
		83BB3C0038A20D493CE40710 /* Pods-flixapp-flixappUITests.debug.xcconfig */ = {isa = PBXFileReference; includeInIndex = 1; lastKnownFileType = text.xcconfig; name = "Pods-flixapp-flixappUITests.debug.xcconfig"; path = "Target Support Files/Pods-flixapp-flixappUITests/Pods-flixapp-flixappUITests.debug.xcconfig"; sourceTree = "<group>"; };
		A152FCD3E930BD28A0E7C6A5 /* Pods-flixappTests.debug.xcconfig */ = {isa = PBXFileReference; includeInIndex = 1; lastKnownFileType = text.xcconfig; name = "Pods-flixappTests.debug.xcconfig"; path = "Target Support Files/Pods-flixappTests/Pods-flixappTests.debug.xcconfig"; sourceTree = "<group>"; };
		B3BDFAC6A5CB3C06D682B0B2 /* Pods-flixapp-flixappUITests.release.xcconfig */ = {isa = PBXFileReference; includeInIndex = 1; lastKnownFileType = text.xcconfig; name = "Pods-flixapp-flixappUITests.release.xcconfig"; path = "Target Support Files/Pods-flixapp-flixappUITests/Pods-flixapp-flixappUITests.release.xcconfig"; sourceTree = "<group>"; };
		F00AA951EA5CCC70BEEAAC0D /* Pods_flixappTests.framework */ = {isa = PBXFileReference; explicitFileType = wrapper.framework; includeInIndex = 0; path = Pods_flixappTests.framework; sourceTree = BUILT_PRODUCTS_DIR; };
		FC63386457B5E40B6A0886E5 /* Pods-flixapp.release.xcconfig */ = {isa = PBXFileReference; includeInIndex = 1; lastKnownFileType = text.xcconfig; name = "Pods-flixapp.release.xcconfig"; path = "Target Support Files/Pods-flixapp/Pods-flixapp.release.xcconfig"; sourceTree = "<group>"; };
		FEDE746C75780E0812A5109F /* Pods_flixapp.framework */ = {isa = PBXFileReference; explicitFileType = wrapper.framework; includeInIndex = 0; path = Pods_flixapp.framework; sourceTree = BUILT_PRODUCTS_DIR; };
/* End PBXFileReference section */

/* Begin PBXFrameworksBuildPhase section */
		3A20DB2126210D3900B6FCB2 /* Frameworks */ = {
			isa = PBXFrameworksBuildPhase;
			buildActionMask = 2147483647;
			files = (
				46E7F9421A55EEE8C0351A2D /* Pods_flixapp.framework in Frameworks */,
			);
			runOnlyForDeploymentPostprocessing = 0;
		};
		3A20DB3726210D3A00B6FCB2 /* Frameworks */ = {
			isa = PBXFrameworksBuildPhase;
			buildActionMask = 2147483647;
			files = (
				41B9B7335D9B9EAAB034D8FC /* Pods_flixappTests.framework in Frameworks */,
			);
			runOnlyForDeploymentPostprocessing = 0;
		};
		3A20DB4226210D3A00B6FCB2 /* Frameworks */ = {
			isa = PBXFrameworksBuildPhase;
			buildActionMask = 2147483647;
			files = (
				E61F3EB15587AEAAEF97EFDE /* Pods_flixapp_flixappUITests.framework in Frameworks */,
			);
			runOnlyForDeploymentPostprocessing = 0;
		};
/* End PBXFrameworksBuildPhase section */

/* Begin PBXGroup section */
		2932CC872525828A8001EBFF /* Frameworks */ = {
			isa = PBXGroup;
			children = (
				FEDE746C75780E0812A5109F /* Pods_flixapp.framework */,
				38948BEFF066EC64CE6957AB /* Pods_flixapp_flixappUITests.framework */,
				F00AA951EA5CCC70BEEAAC0D /* Pods_flixappTests.framework */,
			);
			name = Frameworks;
			sourceTree = "<group>";
		};
		3A20DB1B26210D3900B6FCB2 = {
			isa = PBXGroup;
			children = (
				3A20DB2626210D3900B6FCB2 /* flixapp */,
				3A20DB3D26210D3A00B6FCB2 /* flixappTests */,
				3A20DB4826210D3B00B6FCB2 /* flixappUITests */,
				3A20DB2526210D3900B6FCB2 /* Products */,
				A80F1B51605543912D0442FA /* Pods */,
				2932CC872525828A8001EBFF /* Frameworks */,
			);
			sourceTree = "<group>";
		};
		3A20DB2526210D3900B6FCB2 /* Products */ = {
			isa = PBXGroup;
			children = (
				3A20DB2426210D3900B6FCB2 /* flixapp.app */,
				3A20DB3A26210D3A00B6FCB2 /* flixappTests.xctest */,
				3A20DB4526210D3A00B6FCB2 /* flixappUITests.xctest */,
			);
			name = Products;
			sourceTree = "<group>";
		};
		3A20DB2626210D3900B6FCB2 /* flixapp */ = {
			isa = PBXGroup;
			children = (
				3A20DB2726210D3900B6FCB2 /* AppDelegate.swift */,
				3A20DB2926210D3900B6FCB2 /* SceneDelegate.swift */,
				3A20DB2D26210D3900B6FCB2 /* Main.storyboard */,
				3A20DB3026210D3A00B6FCB2 /* Assets.xcassets */,
				3A20DB3226210D3A00B6FCB2 /* LaunchScreen.storyboard */,
				3A20DB3526210D3A00B6FCB2 /* Info.plist */,
				3A20DB5D26210EE300B6FCB2 /* MoviesViewController.swift */,
				3A20DB7D26212BF700B6FCB2 /* MovieCell.swift */,
				3AE1A993262404EB002FF788 /* MovieDetailsViewController.swift */,
				3AE1A9982624C303002FF788 /* MovieGridViewController.swift */,
				3AE1A99D2624C90C002FF788 /* MovieGridCell.swift */,
				3ACC557A262A84E600F06B6C /* MovieGridDetailsViewController.swift */,
				3ACC557F262A910200F06B6C /* trailerViewController.swift */,
			);
			path = flixapp;
			sourceTree = "<group>";
		};
		3A20DB3D26210D3A00B6FCB2 /* flixappTests */ = {
			isa = PBXGroup;
			children = (
				3A20DB3E26210D3A00B6FCB2 /* flixappTests.swift */,
				3A20DB4026210D3A00B6FCB2 /* Info.plist */,
			);
			path = flixappTests;
			sourceTree = "<group>";
		};
		3A20DB4826210D3B00B6FCB2 /* flixappUITests */ = {
			isa = PBXGroup;
			children = (
				3A20DB4926210D3B00B6FCB2 /* flixappUITests.swift */,
				3A20DB4B26210D3B00B6FCB2 /* Info.plist */,
			);
			path = flixappUITests;
			sourceTree = "<group>";
		};
		A80F1B51605543912D0442FA /* Pods */ = {
			isa = PBXGroup;
			children = (
				6E69FB959A94EFBA55467B08 /* Pods-flixapp.debug.xcconfig */,
				FC63386457B5E40B6A0886E5 /* Pods-flixapp.release.xcconfig */,
				83BB3C0038A20D493CE40710 /* Pods-flixapp-flixappUITests.debug.xcconfig */,
				B3BDFAC6A5CB3C06D682B0B2 /* Pods-flixapp-flixappUITests.release.xcconfig */,
				A152FCD3E930BD28A0E7C6A5 /* Pods-flixappTests.debug.xcconfig */,
				24AC573AED5FDE5285830FAE /* Pods-flixappTests.release.xcconfig */,
			);
			path = Pods;
			sourceTree = "<group>";
		};
/* End PBXGroup section */

/* Begin PBXNativeTarget section */
		3A20DB2326210D3900B6FCB2 /* flixapp */ = {
			isa = PBXNativeTarget;
			buildConfigurationList = 3A20DB4E26210D3B00B6FCB2 /* Build configuration list for PBXNativeTarget "flixapp" */;
			buildPhases = (
				9B0908054C2EE3F7104A648A /* [CP] Check Pods Manifest.lock */,
				3A20DB2026210D3900B6FCB2 /* Sources */,
				3A20DB2126210D3900B6FCB2 /* Frameworks */,
				3A20DB2226210D3900B6FCB2 /* Resources */,
				2F921FCE09D2F76C7B74B5F7 /* [CP] Embed Pods Frameworks */,
			);
			buildRules = (
			);
			dependencies = (
			);
			name = flixapp;
			productName = flixapp;
			productReference = 3A20DB2426210D3900B6FCB2 /* flixapp.app */;
			productType = "com.apple.product-type.application";
		};
		3A20DB3926210D3A00B6FCB2 /* flixappTests */ = {
			isa = PBXNativeTarget;
			buildConfigurationList = 3A20DB5126210D3B00B6FCB2 /* Build configuration list for PBXNativeTarget "flixappTests" */;
			buildPhases = (
				96D93E27C4599EC746D0FA87 /* [CP] Check Pods Manifest.lock */,
				3A20DB3626210D3A00B6FCB2 /* Sources */,
				3A20DB3726210D3A00B6FCB2 /* Frameworks */,
				3A20DB3826210D3A00B6FCB2 /* Resources */,
			);
			buildRules = (
			);
			dependencies = (
				3A20DB3C26210D3A00B6FCB2 /* PBXTargetDependency */,
			);
			name = flixappTests;
			productName = flixappTests;
			productReference = 3A20DB3A26210D3A00B6FCB2 /* flixappTests.xctest */;
			productType = "com.apple.product-type.bundle.unit-test";
		};
		3A20DB4426210D3A00B6FCB2 /* flixappUITests */ = {
			isa = PBXNativeTarget;
			buildConfigurationList = 3A20DB5426210D3B00B6FCB2 /* Build configuration list for PBXNativeTarget "flixappUITests" */;
			buildPhases = (
				15176606199127669D5941EA /* [CP] Check Pods Manifest.lock */,
				3A20DB4126210D3A00B6FCB2 /* Sources */,
				3A20DB4226210D3A00B6FCB2 /* Frameworks */,
				3A20DB4326210D3A00B6FCB2 /* Resources */,
				DA505328A8EEF676FA02CEAD /* [CP] Embed Pods Frameworks */,
			);
			buildRules = (
			);
			dependencies = (
				3A20DB4726210D3B00B6FCB2 /* PBXTargetDependency */,
			);
			name = flixappUITests;
			productName = flixappUITests;
			productReference = 3A20DB4526210D3A00B6FCB2 /* flixappUITests.xctest */;
			productType = "com.apple.product-type.bundle.ui-testing";
		};
/* End PBXNativeTarget section */

/* Begin PBXProject section */
		3A20DB1C26210D3900B6FCB2 /* Project object */ = {
			isa = PBXProject;
			attributes = {
				LastSwiftUpdateCheck = 1240;
				LastUpgradeCheck = 1240;
				TargetAttributes = {
					3A20DB2326210D3900B6FCB2 = {
						CreatedOnToolsVersion = 12.4;
					};
					3A20DB3926210D3A00B6FCB2 = {
						CreatedOnToolsVersion = 12.4;
						TestTargetID = 3A20DB2326210D3900B6FCB2;
					};
					3A20DB4426210D3A00B6FCB2 = {
						CreatedOnToolsVersion = 12.4;
						TestTargetID = 3A20DB2326210D3900B6FCB2;
					};
				};
			};
			buildConfigurationList = 3A20DB1F26210D3900B6FCB2 /* Build configuration list for PBXProject "flixapp" */;
			compatibilityVersion = "Xcode 9.3";
			developmentRegion = en;
			hasScannedForEncodings = 0;
			knownRegions = (
				en,
				Base,
			);
			mainGroup = 3A20DB1B26210D3900B6FCB2;
			productRefGroup = 3A20DB2526210D3900B6FCB2 /* Products */;
			projectDirPath = "";
			projectRoot = "";
			targets = (
				3A20DB2326210D3900B6FCB2 /* flixapp */,
				3A20DB3926210D3A00B6FCB2 /* flixappTests */,
				3A20DB4426210D3A00B6FCB2 /* flixappUITests */,
			);
		};
/* End PBXProject section */

/* Begin PBXResourcesBuildPhase section */
		3A20DB2226210D3900B6FCB2 /* Resources */ = {
			isa = PBXResourcesBuildPhase;
			buildActionMask = 2147483647;
			files = (
				3A20DB3426210D3A00B6FCB2 /* LaunchScreen.storyboard in Resources */,
				3A20DB3126210D3A00B6FCB2 /* Assets.xcassets in Resources */,
				3A20DB2F26210D3900B6FCB2 /* Main.storyboard in Resources */,
			);
			runOnlyForDeploymentPostprocessing = 0;
		};
		3A20DB3826210D3A00B6FCB2 /* Resources */ = {
			isa = PBXResourcesBuildPhase;
			buildActionMask = 2147483647;
			files = (
			);
			runOnlyForDeploymentPostprocessing = 0;
		};
		3A20DB4326210D3A00B6FCB2 /* Resources */ = {
			isa = PBXResourcesBuildPhase;
			buildActionMask = 2147483647;
			files = (
			);
			runOnlyForDeploymentPostprocessing = 0;
		};
/* End PBXResourcesBuildPhase section */

/* Begin PBXShellScriptBuildPhase section */
		15176606199127669D5941EA /* [CP] Check Pods Manifest.lock */ = {
			isa = PBXShellScriptBuildPhase;
			buildActionMask = 2147483647;
			files = (
			);
			inputFileListPaths = (
			);
			inputPaths = (
				"${PODS_PODFILE_DIR_PATH}/Podfile.lock",
				"${PODS_ROOT}/Manifest.lock",
			);
			name = "[CP] Check Pods Manifest.lock";
			outputFileListPaths = (
			);
			outputPaths = (
				"$(DERIVED_FILE_DIR)/Pods-flixapp-flixappUITests-checkManifestLockResult.txt",
			);
			runOnlyForDeploymentPostprocessing = 0;
			shellPath = /bin/sh;
			shellScript = "diff \"${PODS_PODFILE_DIR_PATH}/Podfile.lock\" \"${PODS_ROOT}/Manifest.lock\" > /dev/null\nif [ $? != 0 ] ; then\n    # print error to STDERR\n    echo \"error: The sandbox is not in sync with the Podfile.lock. Run 'pod install' or update your CocoaPods installation.\" >&2\n    exit 1\nfi\n# This output is used by Xcode 'outputs' to avoid re-running this script phase.\necho \"SUCCESS\" > \"${SCRIPT_OUTPUT_FILE_0}\"\n";
			showEnvVarsInLog = 0;
		};
		2F921FCE09D2F76C7B74B5F7 /* [CP] Embed Pods Frameworks */ = {
			isa = PBXShellScriptBuildPhase;
			buildActionMask = 2147483647;
			files = (
			);
			inputFileListPaths = (
				"${PODS_ROOT}/Target Support Files/Pods-flixapp/Pods-flixapp-frameworks-${CONFIGURATION}-input-files.xcfilelist",
			);
			name = "[CP] Embed Pods Frameworks";
			outputFileListPaths = (
				"${PODS_ROOT}/Target Support Files/Pods-flixapp/Pods-flixapp-frameworks-${CONFIGURATION}-output-files.xcfilelist",
			);
			runOnlyForDeploymentPostprocessing = 0;
			shellPath = /bin/sh;
			shellScript = "\"${PODS_ROOT}/Target Support Files/Pods-flixapp/Pods-flixapp-frameworks.sh\"\n";
			showEnvVarsInLog = 0;
		};
		96D93E27C4599EC746D0FA87 /* [CP] Check Pods Manifest.lock */ = {
			isa = PBXShellScriptBuildPhase;
			buildActionMask = 2147483647;
			files = (
			);
			inputFileListPaths = (
			);
			inputPaths = (
				"${PODS_PODFILE_DIR_PATH}/Podfile.lock",
				"${PODS_ROOT}/Manifest.lock",
			);
			name = "[CP] Check Pods Manifest.lock";
			outputFileListPaths = (
			);
			outputPaths = (
				"$(DERIVED_FILE_DIR)/Pods-flixappTests-checkManifestLockResult.txt",
			);
			runOnlyForDeploymentPostprocessing = 0;
			shellPath = /bin/sh;
			shellScript = "diff \"${PODS_PODFILE_DIR_PATH}/Podfile.lock\" \"${PODS_ROOT}/Manifest.lock\" > /dev/null\nif [ $? != 0 ] ; then\n    # print error to STDERR\n    echo \"error: The sandbox is not in sync with the Podfile.lock. Run 'pod install' or update your CocoaPods installation.\" >&2\n    exit 1\nfi\n# This output is used by Xcode 'outputs' to avoid re-running this script phase.\necho \"SUCCESS\" > \"${SCRIPT_OUTPUT_FILE_0}\"\n";
			showEnvVarsInLog = 0;
		};
		9B0908054C2EE3F7104A648A /* [CP] Check Pods Manifest.lock */ = {
			isa = PBXShellScriptBuildPhase;
			buildActionMask = 2147483647;
			files = (
			);
			inputFileListPaths = (
			);
			inputPaths = (
				"${PODS_PODFILE_DIR_PATH}/Podfile.lock",
				"${PODS_ROOT}/Manifest.lock",
			);
			name = "[CP] Check Pods Manifest.lock";
			outputFileListPaths = (
			);
			outputPaths = (
				"$(DERIVED_FILE_DIR)/Pods-flixapp-checkManifestLockResult.txt",
			);
			runOnlyForDeploymentPostprocessing = 0;
			shellPath = /bin/sh;
			shellScript = "diff \"${PODS_PODFILE_DIR_PATH}/Podfile.lock\" \"${PODS_ROOT}/Manifest.lock\" > /dev/null\nif [ $? != 0 ] ; then\n    # print error to STDERR\n    echo \"error: The sandbox is not in sync with the Podfile.lock. Run 'pod install' or update your CocoaPods installation.\" >&2\n    exit 1\nfi\n# This output is used by Xcode 'outputs' to avoid re-running this script phase.\necho \"SUCCESS\" > \"${SCRIPT_OUTPUT_FILE_0}\"\n";
			showEnvVarsInLog = 0;
		};
		DA505328A8EEF676FA02CEAD /* [CP] Embed Pods Frameworks */ = {
			isa = PBXShellScriptBuildPhase;
			buildActionMask = 2147483647;
			files = (
			);
			inputFileListPaths = (
				"${PODS_ROOT}/Target Support Files/Pods-flixapp-flixappUITests/Pods-flixapp-flixappUITests-frameworks-${CONFIGURATION}-input-files.xcfilelist",
			);
			name = "[CP] Embed Pods Frameworks";
			outputFileListPaths = (
				"${PODS_ROOT}/Target Support Files/Pods-flixapp-flixappUITests/Pods-flixapp-flixappUITests-frameworks-${CONFIGURATION}-output-files.xcfilelist",
			);
			runOnlyForDeploymentPostprocessing = 0;
			shellPath = /bin/sh;
			shellScript = "\"${PODS_ROOT}/Target Support Files/Pods-flixapp-flixappUITests/Pods-flixapp-flixappUITests-frameworks.sh\"\n";
			showEnvVarsInLog = 0;
		};
/* End PBXShellScriptBuildPhase section */

/* Begin PBXSourcesBuildPhase section */
		3A20DB2026210D3900B6FCB2 /* Sources */ = {
			isa = PBXSourcesBuildPhase;
			buildActionMask = 2147483647;
			files = (
				3AE1A994262404EB002FF788 /* MovieDetailsViewController.swift in Sources */,
				3A20DB2826210D3900B6FCB2 /* AppDelegate.swift in Sources */,
				3ACC557B262A84E600F06B6C /* MovieGridDetailsViewController.swift in Sources */,
				3A20DB2A26210D3900B6FCB2 /* SceneDelegate.swift in Sources */,
				3ACC5580262A910200F06B6C /* trailerViewController.swift in Sources */,
				3A20DB7E26212BF700B6FCB2 /* MovieCell.swift in Sources */,
				3A20DB5E26210EE300B6FCB2 /* MoviesViewController.swift in Sources */,
				3AE1A9992624C303002FF788 /* MovieGridViewController.swift in Sources */,
				3AE1A99E2624C90C002FF788 /* MovieGridCell.swift in Sources */,
			);
			runOnlyForDeploymentPostprocessing = 0;
		};
		3A20DB3626210D3A00B6FCB2 /* Sources */ = {
			isa = PBXSourcesBuildPhase;
			buildActionMask = 2147483647;
			files = (
				3A20DB3F26210D3A00B6FCB2 /* flixappTests.swift in Sources */,
			);
			runOnlyForDeploymentPostprocessing = 0;
		};
		3A20DB4126210D3A00B6FCB2 /* Sources */ = {
			isa = PBXSourcesBuildPhase;
			buildActionMask = 2147483647;
			files = (
				3A20DB4A26210D3B00B6FCB2 /* flixappUITests.swift in Sources */,
			);
			runOnlyForDeploymentPostprocessing = 0;
		};
/* End PBXSourcesBuildPhase section */

/* Begin PBXTargetDependency section */
		3A20DB3C26210D3A00B6FCB2 /* PBXTargetDependency */ = {
			isa = PBXTargetDependency;
			target = 3A20DB2326210D3900B6FCB2 /* flixapp */;
			targetProxy = 3A20DB3B26210D3A00B6FCB2 /* PBXContainerItemProxy */;
		};
		3A20DB4726210D3B00B6FCB2 /* PBXTargetDependency */ = {
			isa = PBXTargetDependency;
			target = 3A20DB2326210D3900B6FCB2 /* flixapp */;
			targetProxy = 3A20DB4626210D3B00B6FCB2 /* PBXContainerItemProxy */;
		};
/* End PBXTargetDependency section */

/* Begin PBXVariantGroup section */
		3A20DB2D26210D3900B6FCB2 /* Main.storyboard */ = {
			isa = PBXVariantGroup;
			children = (
				3A20DB2E26210D3900B6FCB2 /* Base */,
			);
			name = Main.storyboard;
			sourceTree = "<group>";
		};
		3A20DB3226210D3A00B6FCB2 /* LaunchScreen.storyboard */ = {
			isa = PBXVariantGroup;
			children = (
				3A20DB3326210D3A00B6FCB2 /* Base */,
			);
			name = LaunchScreen.storyboard;
			sourceTree = "<group>";
		};
/* End PBXVariantGroup section */

/* Begin XCBuildConfiguration section */
		3A20DB4C26210D3B00B6FCB2 /* Debug */ = {
			isa = XCBuildConfiguration;
			buildSettings = {
				ALWAYS_SEARCH_USER_PATHS = NO;
				CLANG_ANALYZER_NONNULL = YES;
				CLANG_ANALYZER_NUMBER_OBJECT_CONVERSION = YES_AGGRESSIVE;
				CLANG_CXX_LANGUAGE_STANDARD = "gnu++14";
				CLANG_CXX_LIBRARY = "libc++";
				CLANG_ENABLE_MODULES = YES;
				CLANG_ENABLE_OBJC_ARC = YES;
				CLANG_ENABLE_OBJC_WEAK = YES;
				CLANG_WARN_BLOCK_CAPTURE_AUTORELEASING = YES;
				CLANG_WARN_BOOL_CONVERSION = YES;
				CLANG_WARN_COMMA = YES;
				CLANG_WARN_CONSTANT_CONVERSION = YES;
				CLANG_WARN_DEPRECATED_OBJC_IMPLEMENTATIONS = YES;
				CLANG_WARN_DIRECT_OBJC_ISA_USAGE = YES_ERROR;
				CLANG_WARN_DOCUMENTATION_COMMENTS = YES;
				CLANG_WARN_EMPTY_BODY = YES;
				CLANG_WARN_ENUM_CONVERSION = YES;
				CLANG_WARN_INFINITE_RECURSION = YES;
				CLANG_WARN_INT_CONVERSION = YES;
				CLANG_WARN_NON_LITERAL_NULL_CONVERSION = YES;
				CLANG_WARN_OBJC_IMPLICIT_RETAIN_SELF = YES;
				CLANG_WARN_OBJC_LITERAL_CONVERSION = YES;
				CLANG_WARN_OBJC_ROOT_CLASS = YES_ERROR;
				CLANG_WARN_QUOTED_INCLUDE_IN_FRAMEWORK_HEADER = YES;
				CLANG_WARN_RANGE_LOOP_ANALYSIS = YES;
				CLANG_WARN_STRICT_PROTOTYPES = YES;
				CLANG_WARN_SUSPICIOUS_MOVE = YES;
				CLANG_WARN_UNGUARDED_AVAILABILITY = YES_AGGRESSIVE;
				CLANG_WARN_UNREACHABLE_CODE = YES;
				CLANG_WARN__DUPLICATE_METHOD_MATCH = YES;
				COPY_PHASE_STRIP = NO;
				DEBUG_INFORMATION_FORMAT = dwarf;
				ENABLE_STRICT_OBJC_MSGSEND = YES;
				ENABLE_TESTABILITY = YES;
				GCC_C_LANGUAGE_STANDARD = gnu11;
				GCC_DYNAMIC_NO_PIC = NO;
				GCC_NO_COMMON_BLOCKS = YES;
				GCC_OPTIMIZATION_LEVEL = 0;
				GCC_PREPROCESSOR_DEFINITIONS = (
					"DEBUG=1",
					"$(inherited)",
				);
				GCC_WARN_64_TO_32_BIT_CONVERSION = YES;
				GCC_WARN_ABOUT_RETURN_TYPE = YES_ERROR;
				GCC_WARN_UNDECLARED_SELECTOR = YES;
				GCC_WARN_UNINITIALIZED_AUTOS = YES_AGGRESSIVE;
				GCC_WARN_UNUSED_FUNCTION = YES;
				GCC_WARN_UNUSED_VARIABLE = YES;
				IPHONEOS_DEPLOYMENT_TARGET = 14.4;
				MTL_ENABLE_DEBUG_INFO = INCLUDE_SOURCE;
				MTL_FAST_MATH = YES;
				ONLY_ACTIVE_ARCH = YES;
				SDKROOT = iphoneos;
				SWIFT_ACTIVE_COMPILATION_CONDITIONS = DEBUG;
				SWIFT_OPTIMIZATION_LEVEL = "-Onone";
			};
			name = Debug;
		};
		3A20DB4D26210D3B00B6FCB2 /* Release */ = {
			isa = XCBuildConfiguration;
			buildSettings = {
				ALWAYS_SEARCH_USER_PATHS = NO;
				CLANG_ANALYZER_NONNULL = YES;
				CLANG_ANALYZER_NUMBER_OBJECT_CONVERSION = YES_AGGRESSIVE;
				CLANG_CXX_LANGUAGE_STANDARD = "gnu++14";
				CLANG_CXX_LIBRARY = "libc++";
				CLANG_ENABLE_MODULES = YES;
				CLANG_ENABLE_OBJC_ARC = YES;
				CLANG_ENABLE_OBJC_WEAK = YES;
				CLANG_WARN_BLOCK_CAPTURE_AUTORELEASING = YES;
				CLANG_WARN_BOOL_CONVERSION = YES;
				CLANG_WARN_COMMA = YES;
				CLANG_WARN_CONSTANT_CONVERSION = YES;
				CLANG_WARN_DEPRECATED_OBJC_IMPLEMENTATIONS = YES;
				CLANG_WARN_DIRECT_OBJC_ISA_USAGE = YES_ERROR;
				CLANG_WARN_DOCUMENTATION_COMMENTS = YES;
				CLANG_WARN_EMPTY_BODY = YES;
				CLANG_WARN_ENUM_CONVERSION = YES;
				CLANG_WARN_INFINITE_RECURSION = YES;
				CLANG_WARN_INT_CONVERSION = YES;
				CLANG_WARN_NON_LITERAL_NULL_CONVERSION = YES;
				CLANG_WARN_OBJC_IMPLICIT_RETAIN_SELF = YES;
				CLANG_WARN_OBJC_LITERAL_CONVERSION = YES;
				CLANG_WARN_OBJC_ROOT_CLASS = YES_ERROR;
				CLANG_WARN_QUOTED_INCLUDE_IN_FRAMEWORK_HEADER = YES;
				CLANG_WARN_RANGE_LOOP_ANALYSIS = YES;
				CLANG_WARN_STRICT_PROTOTYPES = YES;
				CLANG_WARN_SUSPICIOUS_MOVE = YES;
				CLANG_WARN_UNGUARDED_AVAILABILITY = YES_AGGRESSIVE;
				CLANG_WARN_UNREACHABLE_CODE = YES;
				CLANG_WARN__DUPLICATE_METHOD_MATCH = YES;
				COPY_PHASE_STRIP = NO;
				DEBUG_INFORMATION_FORMAT = "dwarf-with-dsym";
				ENABLE_NS_ASSERTIONS = NO;
				ENABLE_STRICT_OBJC_MSGSEND = YES;
				GCC_C_LANGUAGE_STANDARD = gnu11;
				GCC_NO_COMMON_BLOCKS = YES;
				GCC_WARN_64_TO_32_BIT_CONVERSION = YES;
				GCC_WARN_ABOUT_RETURN_TYPE = YES_ERROR;
				GCC_WARN_UNDECLARED_SELECTOR = YES;
				GCC_WARN_UNINITIALIZED_AUTOS = YES_AGGRESSIVE;
				GCC_WARN_UNUSED_FUNCTION = YES;
				GCC_WARN_UNUSED_VARIABLE = YES;
				IPHONEOS_DEPLOYMENT_TARGET = 14.4;
				MTL_ENABLE_DEBUG_INFO = NO;
				MTL_FAST_MATH = YES;
				SDKROOT = iphoneos;
				SWIFT_COMPILATION_MODE = wholemodule;
				SWIFT_OPTIMIZATION_LEVEL = "-O";
				VALIDATE_PRODUCT = YES;
			};
			name = Release;
		};
		3A20DB4F26210D3B00B6FCB2 /* Debug */ = {
			isa = XCBuildConfiguration;
			baseConfigurationReference = 6E69FB959A94EFBA55467B08 /* Pods-flixapp.debug.xcconfig */;
			buildSettings = {
				ASSETCATALOG_COMPILER_APPICON_NAME = AppIcon;
				ASSETCATALOG_COMPILER_GLOBAL_ACCENT_COLOR_NAME = AccentColor;
				CODE_SIGN_STYLE = Automatic;
				INFOPLIST_FILE = flixapp/Info.plist;
				LD_RUNPATH_SEARCH_PATHS = (
					"$(inherited)",
					"@executable_path/Frameworks",
				);
				PRODUCT_BUNDLE_IDENTIFIER = adrianlindell.flixapp;
				PRODUCT_NAME = "$(TARGET_NAME)";
				SWIFT_VERSION = 5.0;
				TARGETED_DEVICE_FAMILY = "1,2";
			};
			name = Debug;
		};
		3A20DB5026210D3B00B6FCB2 /* Release */ = {
			isa = XCBuildConfiguration;
			baseConfigurationReference = FC63386457B5E40B6A0886E5 /* Pods-flixapp.release.xcconfig */;
			buildSettings = {
				ASSETCATALOG_COMPILER_APPICON_NAME = AppIcon;
				ASSETCATALOG_COMPILER_GLOBAL_ACCENT_COLOR_NAME = AccentColor;
				CODE_SIGN_STYLE = Automatic;
				INFOPLIST_FILE = flixapp/Info.plist;
				LD_RUNPATH_SEARCH_PATHS = (
					"$(inherited)",
					"@executable_path/Frameworks",
				);
				PRODUCT_BUNDLE_IDENTIFIER = adrianlindell.flixapp;
				PRODUCT_NAME = "$(TARGET_NAME)";
				SWIFT_VERSION = 5.0;
				TARGETED_DEVICE_FAMILY = "1,2";
			};
			name = Release;
		};
		3A20DB5226210D3B00B6FCB2 /* Debug */ = {
			isa = XCBuildConfiguration;
			baseConfigurationReference = A152FCD3E930BD28A0E7C6A5 /* Pods-flixappTests.debug.xcconfig */;
			buildSettings = {
				ALWAYS_EMBED_SWIFT_STANDARD_LIBRARIES = YES;
				BUNDLE_LOADER = "$(TEST_HOST)";
				CODE_SIGN_STYLE = Automatic;
				INFOPLIST_FILE = flixappTests/Info.plist;
				IPHONEOS_DEPLOYMENT_TARGET = 14.4;
				LD_RUNPATH_SEARCH_PATHS = (
					"$(inherited)",
					"@executable_path/Frameworks",
					"@loader_path/Frameworks",
				);
				PRODUCT_BUNDLE_IDENTIFIER = adrianlindell.flixappTests;
				PRODUCT_NAME = "$(TARGET_NAME)";
				SWIFT_VERSION = 5.0;
				TARGETED_DEVICE_FAMILY = "1,2";
				TEST_HOST = "$(BUILT_PRODUCTS_DIR)/flixapp.app/flixapp";
			};
			name = Debug;
		};
		3A20DB5326210D3B00B6FCB2 /* Release */ = {
			isa = XCBuildConfiguration;
			baseConfigurationReference = 24AC573AED5FDE5285830FAE /* Pods-flixappTests.release.xcconfig */;
			buildSettings = {
				ALWAYS_EMBED_SWIFT_STANDARD_LIBRARIES = YES;
				BUNDLE_LOADER = "$(TEST_HOST)";
				CODE_SIGN_STYLE = Automatic;
				INFOPLIST_FILE = flixappTests/Info.plist;
				IPHONEOS_DEPLOYMENT_TARGET = 14.4;
				LD_RUNPATH_SEARCH_PATHS = (
					"$(inherited)",
					"@executable_path/Frameworks",
					"@loader_path/Frameworks",
				);
				PRODUCT_BUNDLE_IDENTIFIER = adrianlindell.flixappTests;
				PRODUCT_NAME = "$(TARGET_NAME)";
				SWIFT_VERSION = 5.0;
				TARGETED_DEVICE_FAMILY = "1,2";
				TEST_HOST = "$(BUILT_PRODUCTS_DIR)/flixapp.app/flixapp";
			};
			name = Release;
		};
		3A20DB5526210D3B00B6FCB2 /* Debug */ = {
			isa = XCBuildConfiguration;
			baseConfigurationReference = 83BB3C0038A20D493CE40710 /* Pods-flixapp-flixappUITests.debug.xcconfig */;
			buildSettings = {
				ALWAYS_EMBED_SWIFT_STANDARD_LIBRARIES = YES;
				CODE_SIGN_STYLE = Automatic;
				INFOPLIST_FILE = flixappUITests/Info.plist;
				LD_RUNPATH_SEARCH_PATHS = (
					"$(inherited)",
					"@executable_path/Frameworks",
					"@loader_path/Frameworks",
				);
				PRODUCT_BUNDLE_IDENTIFIER = adrianlindell.flixappUITests;
				PRODUCT_NAME = "$(TARGET_NAME)";
				SWIFT_VERSION = 5.0;
				TARGETED_DEVICE_FAMILY = "1,2";
				TEST_TARGET_NAME = flixapp;
			};
			name = Debug;
		};
		3A20DB5626210D3B00B6FCB2 /* Release */ = {
			isa = XCBuildConfiguration;
			baseConfigurationReference = B3BDFAC6A5CB3C06D682B0B2 /* Pods-flixapp-flixappUITests.release.xcconfig */;
			buildSettings = {
				ALWAYS_EMBED_SWIFT_STANDARD_LIBRARIES = YES;
				CODE_SIGN_STYLE = Automatic;
				INFOPLIST_FILE = flixappUITests/Info.plist;
				LD_RUNPATH_SEARCH_PATHS = (
					"$(inherited)",
					"@executable_path/Frameworks",
					"@loader_path/Frameworks",
				);
				PRODUCT_BUNDLE_IDENTIFIER = adrianlindell.flixappUITests;
				PRODUCT_NAME = "$(TARGET_NAME)";
				SWIFT_VERSION = 5.0;
				TARGETED_DEVICE_FAMILY = "1,2";
				TEST_TARGET_NAME = flixapp;
			};
			name = Release;
		};
/* End XCBuildConfiguration section */

/* Begin XCConfigurationList section */
		3A20DB1F26210D3900B6FCB2 /* Build configuration list for PBXProject "flixapp" */ = {
			isa = XCConfigurationList;
			buildConfigurations = (
				3A20DB4C26210D3B00B6FCB2 /* Debug */,
				3A20DB4D26210D3B00B6FCB2 /* Release */,
			);
			defaultConfigurationIsVisible = 0;
			defaultConfigurationName = Release;
		};
		3A20DB4E26210D3B00B6FCB2 /* Build configuration list for PBXNativeTarget "flixapp" */ = {
			isa = XCConfigurationList;
			buildConfigurations = (
				3A20DB4F26210D3B00B6FCB2 /* Debug */,
				3A20DB5026210D3B00B6FCB2 /* Release */,
			);
			defaultConfigurationIsVisible = 0;
			defaultConfigurationName = Release;
		};
		3A20DB5126210D3B00B6FCB2 /* Build configuration list for PBXNativeTarget "flixappTests" */ = {
			isa = XCConfigurationList;
			buildConfigurations = (
				3A20DB5226210D3B00B6FCB2 /* Debug */,
				3A20DB5326210D3B00B6FCB2 /* Release */,
			);
			defaultConfigurationIsVisible = 0;
			defaultConfigurationName = Release;
		};
		3A20DB5426210D3B00B6FCB2 /* Build configuration list for PBXNativeTarget "flixappUITests" */ = {
			isa = XCConfigurationList;
			buildConfigurations = (
				3A20DB5526210D3B00B6FCB2 /* Debug */,
				3A20DB5626210D3B00B6FCB2 /* Release */,
			);
			defaultConfigurationIsVisible = 0;
			defaultConfigurationName = Release;
		};
/* End XCConfigurationList section */
	};
	rootObject = 3A20DB1C26210D3900B6FCB2 /* Project object */;
}
